{
    "cakephp/chronos": {
        "version": "1.2.3"
    },
    "doctrine/annotations": {
        "version": "1.0",
        "recipe": {
            "repo": "github.com/symfony/recipes",
            "branch": "master",
            "version": "1.0",
            "ref": "cb4152ebcadbe620ea2261da1a1c5a9b8cea7672"
        }
    },
    "doctrine/cache": {
        "version": "v1.8.0"
    },
    "doctrine/collections": {
        "version": "v1.5.0"
    },
    "doctrine/common": {
        "version": "v2.10.0"
    },
    "doctrine/event-manager": {
        "version": "v1.0.0"
    },
    "doctrine/inflector": {
        "version": "v1.3.0"
    },
    "doctrine/lexer": {
        "version": "v1.0.1"
    },
    "doctrine/persistence": {
        "version": "v1.1.0"
    },
    "doctrine/reflection": {
        "version": "v1.0.0"
    },
    "firebase/php-jwt": {
        "version": "v5.0.0"
    },
    "google/apiclient": {
        "version": "2.0",
        "recipe": {
            "repo": "github.com/symfony/recipes-contrib",
            "branch": "master",
            "version": "2.0",
            "ref": "49c5d7a66d863d28513979bf0666dc77599100c0"
        }
    },
    "google/apiclient-services": {
        "version": "v0.74"
    },
    "google/auth": {
        "version": "v1.4.0"
    },
    "guzzlehttp/guzzle": {
        "version": "6.3.3"
    },
    "guzzlehttp/promises": {
        "version": "v1.3.1"
    },
    "guzzlehttp/psr7": {
        "version": "1.4.2"
    },
    "monolog/monolog": {
        "version": "1.24.0"
    },
    "nikic/php-parser": {
        "version": "v4.1.0"
    },
    "phpseclib/phpseclib": {
        "version": "2.0.12"
    },
    "psr/cache": {
        "version": "1.0.1"
    },
    "psr/container": {
        "version": "1.0.0"
    },
    "psr/http-message": {
        "version": "1.0.1"
    },
    "psr/log": {
        "version": "1.1.0"
    },
    "psr/simple-cache": {
        "version": "1.0.1"
    },
    "sensio/framework-extra-bundle": {
        "version": "5.2",
        "recipe": {
            "repo": "github.com/symfony/recipes",
            "branch": "master",
            "version": "5.2",
            "ref": "fb7e19da7f013d0d422fa9bce16f5c510e27609b"
        }
    },
    "symfony/cache": {
        "version": "v4.1.7"
    },
    "symfony/config": {
        "version": "v4.1.7"
    },
    "symfony/console": {
        "version": "3.3",
        "recipe": {
            "repo": "github.com/symfony/recipes",
            "branch": "master",
            "version": "3.3",
            "ref": "f3a28efb32f20b8740fd763651cabd780bce43da"
        }
    },
    "symfony/debug": {
        "version": "v4.1.7"
    },
    "symfony/dependency-injection": {
        "version": "v4.1.7"
    },
    "symfony/dotenv": {
        "version": "v4.1.7"
    },
    "symfony/event-dispatcher": {
        "version": "v4.1.7"
    },
    "symfony/filesystem": {
        "version": "v4.1.7"
    },
    "symfony/finder": {
        "version": "v4.1.7"
    },
    "symfony/flex": {
        "version": "1.0",
        "recipe": {
            "repo": "github.com/symfony/recipes",
            "branch": "master",
            "version": "1.0",
            "ref": "5f8a51c0fad684396f6b6c0fd770e043439cb632"
        }
    },
    "symfony/framework-bundle": {
        "version": "3.3",
        "recipe": {
            "repo": "github.com/symfony/recipes",
            "branch": "master",
            "version": "3.3",
            "ref": "fa24f6388ea987b615a2704dc2c9f3a358c8da11"
        }
    },
    "symfony/http-foundation": {
        "version": "v4.1.7"
    },
    "symfony/http-kernel": {
        "version": "v4.1.7"
    },
    "symfony/maker-bundle": {
        "version": "1.0",
        "recipe": {
            "repo": "github.com/symfony/recipes",
            "branch": "master",
            "version": "1.0",
            "ref": "fadbfe33303a76e25cb63401050439aa9b1a9c7f"
        }
    },
    "symfony/polyfill-mbstring": {
        "version": "v1.10.0"
    },
    "symfony/process": {
        "version": "v4.1.7"
    },
    "symfony/routing": {
        "version": "4.0",
        "recipe": {
            "repo": "github.com/symfony/recipes",
            "branch": "master",
            "version": "4.0",
            "ref": "5f514d9d3b8a8aac3d62ae6a86b18b90ed0c7826"
        }
    },
    "symfony/web-server-bundle": {
        "version": "3.3",
        "recipe": {
            "repo": "github.com/symfony/recipes",
            "branch": "master",
            "version": "3.3",
            "ref": "dae9b39fd6717970be7601101ce5aa960bf53d9a"
        }
    },
    "symfony/yaml": {
        "version": "v4.1.7"
    }
}
